
Microsoft Visual Studio Solution File, Format Version 12.00
# Visual Studio Version 16
VisualStudioVersion = 16.0.31624.102
MinimumVisualStudioVersion = 10.0.40219.1
Project("{FAE04EC0-301F-11D3-BF4B-00C04F79EFBC}") = "uzduotis4.1", "uzduotis4.1\uzduotis4.1.csproj", "{04E0ACA1-75F4-494A-8F96-6E4AFC991D67}"
EndProject
Global
	GlobalSection(SolutionConfigurationPlatforms) = preSolution
		Debug|Any CPU = Debug|Any CPU
		Release|Any CPU = Release|Any CPU
	EndGlobalSection
	GlobalSection(ProjectConfigurationPlatforms) = postSolution
		{04E0ACA1-75F4-494A-8F96-6E4AFC991D67}.Debug|Any CPU.ActiveCfg = Debug|Any CPU
		{04E0ACA1-75F4-494A-8F96-6E4AFC991D67}.Debug|Any CPU.Build.0 = Debug|Any CPU
		{04E0ACA1-75F4-494A-8F96-6E4AFC991D67}.Release|Any CPU.ActiveCfg = Release|Any CPU
		{04E0ACA1-75F4-494A-8F96-6E4AFC991D67}.Release|Any CPU.Build.0 = Release|Any CPU
	EndGlobalSection
	GlobalSection(SolutionProperties) = preSolution
		HideSolutionNode = FALSE
	EndGlobalSection
	GlobalSection(ExtensibilityGlobals) = postSolution
		SolutionGuid = {8FACEDA0-DBB0-412C-98B8-AD703CCCE963}
	EndGlobalSection
EndGlobal
