
Microsoft Visual Studio Solution File, Format Version 12.00
# Visual Studio Version 16
VisualStudioVersion = 16.0.31624.102
MinimumVisualStudioVersion = 10.0.40219.1
Project("{FAE04EC0-301F-11D3-BF4B-00C04F79EFBC}") = "uzduotis4.2.", "..\uzduotis4.2\uzduotis4.2\uzduotis4.2..csproj", "{3124EF29-F070-41A9-BE13-23CF3C4EAE45}"
EndProject
Global
	GlobalSection(SolutionConfigurationPlatforms) = preSolution
		Debug|Any CPU = Debug|Any CPU
		Release|Any CPU = Release|Any CPU
	EndGlobalSection
	GlobalSection(ProjectConfigurationPlatforms) = postSolution
		{3124EF29-F070-41A9-BE13-23CF3C4EAE45}.Debug|Any CPU.ActiveCfg = Debug|Any CPU
		{3124EF29-F070-41A9-BE13-23CF3C4EAE45}.Debug|Any CPU.Build.0 = Debug|Any CPU
		{3124EF29-F070-41A9-BE13-23CF3C4EAE45}.Release|Any CPU.ActiveCfg = Release|Any CPU
		{3124EF29-F070-41A9-BE13-23CF3C4EAE45}.Release|Any CPU.Build.0 = Release|Any CPU
	EndGlobalSection
	GlobalSection(SolutionProperties) = preSolution
		HideSolutionNode = FALSE
	EndGlobalSection
	GlobalSection(ExtensibilityGlobals) = postSolution
		SolutionGuid = {4D6F62E9-AF8D-4154-BD8C-CA1BE63FD886}
	EndGlobalSection
EndGlobal
