
Microsoft Visual Studio Solution File, Format Version 12.00
# Visual Studio Version 16
VisualStudioVersion = 16.0.31624.102
MinimumVisualStudioVersion = 10.0.40219.1
Project("{FAE04EC0-301F-11D3-BF4B-00C04F79EFBC}") = "Uzduotis.Is.Skaidres1", "Uzduotis.Is.Skaidres1\Uzduotis.Is.Skaidres1.csproj", "{FC2BDF86-F0D8-4D61-9CDB-EDD6508478BC}"
EndProject
Global
	GlobalSection(SolutionConfigurationPlatforms) = preSolution
		Debug|Any CPU = Debug|Any CPU
		Release|Any CPU = Release|Any CPU
	EndGlobalSection
	GlobalSection(ProjectConfigurationPlatforms) = postSolution
		{FC2BDF86-F0D8-4D61-9CDB-EDD6508478BC}.Debug|Any CPU.ActiveCfg = Debug|Any CPU
		{FC2BDF86-F0D8-4D61-9CDB-EDD6508478BC}.Debug|Any CPU.Build.0 = Debug|Any CPU
		{FC2BDF86-F0D8-4D61-9CDB-EDD6508478BC}.Release|Any CPU.ActiveCfg = Release|Any CPU
		{FC2BDF86-F0D8-4D61-9CDB-EDD6508478BC}.Release|Any CPU.Build.0 = Release|Any CPU
	EndGlobalSection
	GlobalSection(SolutionProperties) = preSolution
		HideSolutionNode = FALSE
	EndGlobalSection
	GlobalSection(ExtensibilityGlobals) = postSolution
		SolutionGuid = {E45DF9A0-90B2-4EE5-B0DA-2F7D3C76788D}
	EndGlobalSection
EndGlobal
