
Microsoft Visual Studio Solution File, Format Version 12.00
# Visual Studio Version 16
VisualStudioVersion = 16.0.31624.102
MinimumVisualStudioVersion = 10.0.40219.1
Project("{FAE04EC0-301F-11D3-BF4B-00C04F79EFBC}") = "6.3.uzduotis", "6.3.uzduotis\6.3.uzduotis.csproj", "{CE0FDE5D-6E7D-480C-B174-673A9EF186FF}"
EndProject
Global
	GlobalSection(SolutionConfigurationPlatforms) = preSolution
		Debug|Any CPU = Debug|Any CPU
		Release|Any CPU = Release|Any CPU
	EndGlobalSection
	GlobalSection(ProjectConfigurationPlatforms) = postSolution
		{CE0FDE5D-6E7D-480C-B174-673A9EF186FF}.Debug|Any CPU.ActiveCfg = Debug|Any CPU
		{CE0FDE5D-6E7D-480C-B174-673A9EF186FF}.Debug|Any CPU.Build.0 = Debug|Any CPU
		{CE0FDE5D-6E7D-480C-B174-673A9EF186FF}.Release|Any CPU.ActiveCfg = Release|Any CPU
		{CE0FDE5D-6E7D-480C-B174-673A9EF186FF}.Release|Any CPU.Build.0 = Release|Any CPU
	EndGlobalSection
	GlobalSection(SolutionProperties) = preSolution
		HideSolutionNode = FALSE
	EndGlobalSection
	GlobalSection(ExtensibilityGlobals) = postSolution
		SolutionGuid = {F6E2CDCF-E4DA-4DED-9B04-126EAAB30AAE}
	EndGlobalSection
EndGlobal
