
Microsoft Visual Studio Solution File, Format Version 12.00
# Visual Studio Version 16
VisualStudioVersion = 16.0.31624.102
MinimumVisualStudioVersion = 10.0.40219.1
Project("{FAE04EC0-301F-11D3-BF4B-00C04F79EFBC}") = "uzduotis3.1.", "..\uzduotis3.1\uzduotis3.1\uzduotis3.1..csproj", "{933CB6F8-8606-4AAD-9131-B808839F40D7}"
EndProject
Global
	GlobalSection(SolutionConfigurationPlatforms) = preSolution
		Debug|Any CPU = Debug|Any CPU
		Release|Any CPU = Release|Any CPU
	EndGlobalSection
	GlobalSection(ProjectConfigurationPlatforms) = postSolution
		{933CB6F8-8606-4AAD-9131-B808839F40D7}.Debug|Any CPU.ActiveCfg = Debug|Any CPU
		{933CB6F8-8606-4AAD-9131-B808839F40D7}.Debug|Any CPU.Build.0 = Debug|Any CPU
		{933CB6F8-8606-4AAD-9131-B808839F40D7}.Release|Any CPU.ActiveCfg = Release|Any CPU
		{933CB6F8-8606-4AAD-9131-B808839F40D7}.Release|Any CPU.Build.0 = Release|Any CPU
	EndGlobalSection
	GlobalSection(SolutionProperties) = preSolution
		HideSolutionNode = FALSE
	EndGlobalSection
	GlobalSection(ExtensibilityGlobals) = postSolution
		SolutionGuid = {2A495341-5EB8-46F1-9288-B8DEF157FE10}
	EndGlobalSection
EndGlobal
