
Microsoft Visual Studio Solution File, Format Version 12.00
# Visual Studio Version 16
VisualStudioVersion = 16.0.31624.102
MinimumVisualStudioVersion = 10.0.40219.1
Project("{FAE04EC0-301F-11D3-BF4B-00C04F79EFBC}") = "uzduotis3.1.antras dublis", "uzduotis3.1.antras dublis\uzduotis3.1.antras dublis.csproj", "{D5A73CAF-5D6F-49DD-AC35-6F6CF196CDE7}"
EndProject
Global
	GlobalSection(SolutionConfigurationPlatforms) = preSolution
		Debug|Any CPU = Debug|Any CPU
		Release|Any CPU = Release|Any CPU
	EndGlobalSection
	GlobalSection(ProjectConfigurationPlatforms) = postSolution
		{D5A73CAF-5D6F-49DD-AC35-6F6CF196CDE7}.Debug|Any CPU.ActiveCfg = Debug|Any CPU
		{D5A73CAF-5D6F-49DD-AC35-6F6CF196CDE7}.Debug|Any CPU.Build.0 = Debug|Any CPU
		{D5A73CAF-5D6F-49DD-AC35-6F6CF196CDE7}.Release|Any CPU.ActiveCfg = Release|Any CPU
		{D5A73CAF-5D6F-49DD-AC35-6F6CF196CDE7}.Release|Any CPU.Build.0 = Release|Any CPU
	EndGlobalSection
	GlobalSection(SolutionProperties) = preSolution
		HideSolutionNode = FALSE
	EndGlobalSection
	GlobalSection(ExtensibilityGlobals) = postSolution
		SolutionGuid = {747F879F-8F3B-4556-BDD9-D3FCCF05757C}
	EndGlobalSection
EndGlobal
