
Microsoft Visual Studio Solution File, Format Version 12.00
# Visual Studio Version 16
VisualStudioVersion = 16.0.31624.102
MinimumVisualStudioVersion = 10.0.40219.1
Project("{FAE04EC0-301F-11D3-BF4B-00C04F79EFBC}") = "Uzduotis.Is.Skaidres2", "Uzduotis.Is.Skaidres2\Uzduotis.Is.Skaidres2.csproj", "{77AED86E-DFAF-46BE-9C9A-61E230D638A8}"
EndProject
Global
	GlobalSection(SolutionConfigurationPlatforms) = preSolution
		Debug|Any CPU = Debug|Any CPU
		Release|Any CPU = Release|Any CPU
	EndGlobalSection
	GlobalSection(ProjectConfigurationPlatforms) = postSolution
		{77AED86E-DFAF-46BE-9C9A-61E230D638A8}.Debug|Any CPU.ActiveCfg = Debug|Any CPU
		{77AED86E-DFAF-46BE-9C9A-61E230D638A8}.Debug|Any CPU.Build.0 = Debug|Any CPU
		{77AED86E-DFAF-46BE-9C9A-61E230D638A8}.Release|Any CPU.ActiveCfg = Release|Any CPU
		{77AED86E-DFAF-46BE-9C9A-61E230D638A8}.Release|Any CPU.Build.0 = Release|Any CPU
	EndGlobalSection
	GlobalSection(SolutionProperties) = preSolution
		HideSolutionNode = FALSE
	EndGlobalSection
	GlobalSection(ExtensibilityGlobals) = postSolution
		SolutionGuid = {8B948A92-BC77-4E33-A720-F094F4DC8DCF}
	EndGlobalSection
EndGlobal
