
Microsoft Visual Studio Solution File, Format Version 12.00
# Visual Studio Version 16
VisualStudioVersion = 16.0.31624.102
MinimumVisualStudioVersion = 10.0.40219.1
Project("{FAE04EC0-301F-11D3-BF4B-00C04F79EFBC}") = "uzduotis3.2", "uzduotis3.2\uzduotis3.2.csproj", "{11DFBE0B-45BA-42E5-925F-08636B78F6F3}"
EndProject
Global
	GlobalSection(SolutionConfigurationPlatforms) = preSolution
		Debug|Any CPU = Debug|Any CPU
		Release|Any CPU = Release|Any CPU
	EndGlobalSection
	GlobalSection(ProjectConfigurationPlatforms) = postSolution
		{11DFBE0B-45BA-42E5-925F-08636B78F6F3}.Debug|Any CPU.ActiveCfg = Debug|Any CPU
		{11DFBE0B-45BA-42E5-925F-08636B78F6F3}.Debug|Any CPU.Build.0 = Debug|Any CPU
		{11DFBE0B-45BA-42E5-925F-08636B78F6F3}.Release|Any CPU.ActiveCfg = Release|Any CPU
		{11DFBE0B-45BA-42E5-925F-08636B78F6F3}.Release|Any CPU.Build.0 = Release|Any CPU
	EndGlobalSection
	GlobalSection(SolutionProperties) = preSolution
		HideSolutionNode = FALSE
	EndGlobalSection
	GlobalSection(ExtensibilityGlobals) = postSolution
		SolutionGuid = {A760D82A-BEFF-47F1-9E07-16700CCC3A35}
	EndGlobalSection
EndGlobal
