
Microsoft Visual Studio Solution File, Format Version 12.00
# Visual Studio Version 16
VisualStudioVersion = 16.0.31624.102
MinimumVisualStudioVersion = 10.0.40219.1
Project("{FAE04EC0-301F-11D3-BF4B-00C04F79EFBC}") = "uzduotis2.2", "uzduotis2.2\uzduotis2.2.csproj", "{D6523633-5416-4B78-AF94-E004FA8C67F1}"
EndProject
Global
	GlobalSection(SolutionConfigurationPlatforms) = preSolution
		Debug|Any CPU = Debug|Any CPU
		Release|Any CPU = Release|Any CPU
	EndGlobalSection
	GlobalSection(ProjectConfigurationPlatforms) = postSolution
		{D6523633-5416-4B78-AF94-E004FA8C67F1}.Debug|Any CPU.ActiveCfg = Debug|Any CPU
		{D6523633-5416-4B78-AF94-E004FA8C67F1}.Debug|Any CPU.Build.0 = Debug|Any CPU
		{D6523633-5416-4B78-AF94-E004FA8C67F1}.Release|Any CPU.ActiveCfg = Release|Any CPU
		{D6523633-5416-4B78-AF94-E004FA8C67F1}.Release|Any CPU.Build.0 = Release|Any CPU
	EndGlobalSection
	GlobalSection(SolutionProperties) = preSolution
		HideSolutionNode = FALSE
	EndGlobalSection
	GlobalSection(ExtensibilityGlobals) = postSolution
		SolutionGuid = {AFBFACA3-77EC-4F91-BBD1-E353DF630A15}
	EndGlobalSection
EndGlobal
